
Microsoft Visual Studio Solution File, Format Version 12.00
# Visual Studio 15
VisualStudioVersion = 15.0.28307.136
MinimumVisualStudioVersion = 10.0.40219.1
Project("{FAE04EC0-301F-11D3-BF4B-00C04F79EFBC}") = "DemocratiKS.Android", "DemocratiKS\DemocratiKS.Android\DemocratiKS.Android.csproj", "{75D0CDEA-85A5-4CDB-B84A-B1FE4D0763D7}"
EndProject
Project("{FAE04EC0-301F-11D3-BF4B-00C04F79EFBC}") = "DemocratiKS.iOS", "DemocratiKS\DemocratiKS.iOS\DemocratiKS.iOS.csproj", "{D7A7F6C4-59C0-4039-BE09-926A99BDD5FA}"
EndProject
Project("{FAE04EC0-301F-11D3-BF4B-00C04F79EFBC}") = "DemocratiKS", "DemocratiKS\DemocratiKS\DemocratiKS.csproj", "{16A0C329-5E0B-4A88-B62F-B5B9D396B5FA}"
EndProject
Global
	GlobalSection(SolutionConfigurationPlatforms) = preSolution
		Ad-Hoc|Any CPU = Ad-Hoc|Any CPU
		Ad-Hoc|iPhone = Ad-Hoc|iPhone
		Ad-Hoc|iPhoneSimulator = Ad-Hoc|iPhoneSimulator
		AppStore|Any CPU = AppStore|Any CPU
		AppStore|iPhone = AppStore|iPhone
		AppStore|iPhoneSimulator = AppStore|iPhoneSimulator
		Debug|Any CPU = Debug|Any CPU
		Debug|iPhone = Debug|iPhone
		Debug|iPhoneSimulator = Debug|iPhoneSimulator
		Release|Any CPU = Release|Any CPU
		Release|iPhone = Release|iPhone
		Release|iPhoneSimulator = Release|iPhoneSimulator
	EndGlobalSection
	GlobalSection(ProjectConfigurationPlatforms) = postSolution
		{75D0CDEA-85A5-4CDB-B84A-B1FE4D0763D7}.Ad-Hoc|Any CPU.ActiveCfg = Release|Any CPU
		{75D0CDEA-85A5-4CDB-B84A-B1FE4D0763D7}.Ad-Hoc|Any CPU.Build.0 = Release|Any CPU
		{75D0CDEA-85A5-4CDB-B84A-B1FE4D0763D7}.Ad-Hoc|Any CPU.Deploy.0 = Release|Any CPU
		{75D0CDEA-85A5-4CDB-B84A-B1FE4D0763D7}.Ad-Hoc|iPhone.ActiveCfg = Release|Any CPU
		{75D0CDEA-85A5-4CDB-B84A-B1FE4D0763D7}.Ad-Hoc|iPhone.Build.0 = Release|Any CPU
		{75D0CDEA-85A5-4CDB-B84A-B1FE4D0763D7}.Ad-Hoc|iPhone.Deploy.0 = Release|Any CPU
		{75D0CDEA-85A5-4CDB-B84A-B1FE4D0763D7}.Ad-Hoc|iPhoneSimulator.ActiveCfg = Release|Any CPU
		{75D0CDEA-85A5-4CDB-B84A-B1FE4D0763D7}.Ad-Hoc|iPhoneSimulator.Build.0 = Release|Any CPU
		{75D0CDEA-85A5-4CDB-B84A-B1FE4D0763D7}.Ad-Hoc|iPhoneSimulator.Deploy.0 = Release|Any CPU
		{75D0CDEA-85A5-4CDB-B84A-B1FE4D0763D7}.AppStore|Any CPU.ActiveCfg = Release|Any CPU
		{75D0CDEA-85A5-4CDB-B84A-B1FE4D0763D7}.AppStore|Any CPU.Build.0 = Release|Any CPU
		{75D0CDEA-85A5-4CDB-B84A-B1FE4D0763D7}.AppStore|Any CPU.Deploy.0 = Release|Any CPU
		{75D0CDEA-85A5-4CDB-B84A-B1FE4D0763D7}.AppStore|iPhone.ActiveCfg = Release|Any CPU
		{75D0CDEA-85A5-4CDB-B84A-B1FE4D0763D7}.AppStore|iPhone.Build.0 = Release|Any CPU
		{75D0CDEA-85A5-4CDB-B84A-B1FE4D0763D7}.AppStore|iPhone.Deploy.0 = Release|Any CPU
		{75D0CDEA-85A5-4CDB-B84A-B1FE4D0763D7}.AppStore|iPhoneSimulator.ActiveCfg = Release|Any CPU
		{75D0CDEA-85A5-4CDB-B84A-B1FE4D0763D7}.AppStore|iPhoneSimulator.Build.0 = Release|Any CPU
		{75D0CDEA-85A5-4CDB-B84A-B1FE4D0763D7}.AppStore|iPhoneSimulator.Deploy.0 = Release|Any CPU
		{75D0CDEA-85A5-4CDB-B84A-B1FE4D0763D7}.Debug|Any CPU.ActiveCfg = Debug|Any CPU
		{75D0CDEA-85A5-4CDB-B84A-B1FE4D0763D7}.Debug|Any CPU.Build.0 = Debug|Any CPU
		{75D0CDEA-85A5-4CDB-B84A-B1FE4D0763D7}.Debug|Any CPU.Deploy.0 = Debug|Any CPU
		{75D0CDEA-85A5-4CDB-B84A-B1FE4D0763D7}.Debug|iPhone.ActiveCfg = Debug|Any CPU
		{75D0CDEA-85A5-4CDB-B84A-B1FE4D0763D7}.Debug|iPhone.Build.0 = Debug|Any CPU
		{75D0CDEA-85A5-4CDB-B84A-B1FE4D0763D7}.Debug|iPhone.Deploy.0 = Debug|Any CPU
		{75D0CDEA-85A5-4CDB-B84A-B1FE4D0763D7}.Debug|iPhoneSimulator.ActiveCfg = Debug|Any CPU
		{75D0CDEA-85A5-4CDB-B84A-B1FE4D0763D7}.Debug|iPhoneSimulator.Build.0 = Debug|Any CPU
		{75D0CDEA-85A5-4CDB-B84A-B1FE4D0763D7}.Debug|iPhoneSimulator.Deploy.0 = Debug|Any CPU
		{75D0CDEA-85A5-4CDB-B84A-B1FE4D0763D7}.Release|Any CPU.ActiveCfg = Release|Any CPU
		{75D0CDEA-85A5-4CDB-B84A-B1FE4D0763D7}.Release|Any CPU.Build.0 = Release|Any CPU
		{75D0CDEA-85A5-4CDB-B84A-B1FE4D0763D7}.Release|Any CPU.Deploy.0 = Release|Any CPU
		{75D0CDEA-85A5-4CDB-B84A-B1FE4D0763D7}.Release|iPhone.ActiveCfg = Release|Any CPU
		{75D0CDEA-85A5-4CDB-B84A-B1FE4D0763D7}.Release|iPhone.Build.0 = Release|Any CPU
		{75D0CDEA-85A5-4CDB-B84A-B1FE4D0763D7}.Release|iPhone.Deploy.0 = Release|Any CPU
		{75D0CDEA-85A5-4CDB-B84A-B1FE4D0763D7}.Release|iPhoneSimulator.ActiveCfg = Release|Any CPU
		{75D0CDEA-85A5-4CDB-B84A-B1FE4D0763D7}.Release|iPhoneSimulator.Build.0 = Release|Any CPU
		{75D0CDEA-85A5-4CDB-B84A-B1FE4D0763D7}.Release|iPhoneSimulator.Deploy.0 = Release|Any CPU
		{D7A7F6C4-59C0-4039-BE09-926A99BDD5FA}.Ad-Hoc|Any CPU.ActiveCfg = Ad-Hoc|iPhone
		{D7A7F6C4-59C0-4039-BE09-926A99BDD5FA}.Ad-Hoc|Any CPU.Build.0 = Ad-Hoc|iPhone
		{D7A7F6C4-59C0-4039-BE09-926A99BDD5FA}.Ad-Hoc|Any CPU.Deploy.0 = Ad-Hoc|iPhone
		{D7A7F6C4-59C0-4039-BE09-926A99BDD5FA}.Ad-Hoc|iPhone.ActiveCfg = Ad-Hoc|iPhone
		{D7A7F6C4-59C0-4039-BE09-926A99BDD5FA}.Ad-Hoc|iPhone.Build.0 = Ad-Hoc|iPhone
		{D7A7F6C4-59C0-4039-BE09-926A99BDD5FA}.Ad-Hoc|iPhone.Deploy.0 = Ad-Hoc|iPhone
		{D7A7F6C4-59C0-4039-BE09-926A99BDD5FA}.Ad-Hoc|iPhoneSimulator.ActiveCfg = Ad-Hoc|iPhoneSimulator
		{D7A7F6C4-59C0-4039-BE09-926A99BDD5FA}.Ad-Hoc|iPhoneSimulator.Build.0 = Ad-Hoc|iPhoneSimulator
		{D7A7F6C4-59C0-4039-BE09-926A99BDD5FA}.Ad-Hoc|iPhoneSimulator.Deploy.0 = Ad-Hoc|iPhoneSimulator
		{D7A7F6C4-59C0-4039-BE09-926A99BDD5FA}.AppStore|Any CPU.ActiveCfg = AppStore|iPhone
		{D7A7F6C4-59C0-4039-BE09-926A99BDD5FA}.AppStore|Any CPU.Build.0 = AppStore|iPhone
		{D7A7F6C4-59C0-4039-BE09-926A99BDD5FA}.AppStore|Any CPU.Deploy.0 = AppStore|iPhone
		{D7A7F6C4-59C0-4039-BE09-926A99BDD5FA}.AppStore|iPhone.ActiveCfg = AppStore|iPhone
		{D7A7F6C4-59C0-4039-BE09-926A99BDD5FA}.AppStore|iPhone.Build.0 = AppStore|iPhone
		{D7A7F6C4-59C0-4039-BE09-926A99BDD5FA}.AppStore|iPhone.Deploy.0 = AppStore|iPhone
		{D7A7F6C4-59C0-4039-BE09-926A99BDD5FA}.AppStore|iPhoneSimulator.ActiveCfg = AppStore|iPhoneSimulator
		{D7A7F6C4-59C0-4039-BE09-926A99BDD5FA}.AppStore|iPhoneSimulator.Build.0 = AppStore|iPhoneSimulator
		{D7A7F6C4-59C0-4039-BE09-926A99BDD5FA}.AppStore|iPhoneSimulator.Deploy.0 = AppStore|iPhoneSimulator
		{D7A7F6C4-59C0-4039-BE09-926A99BDD5FA}.Debug|Any CPU.ActiveCfg = Debug|iPhoneSimulator
		{D7A7F6C4-59C0-4039-BE09-926A99BDD5FA}.Debug|Any CPU.Build.0 = Debug|iPhoneSimulator
		{D7A7F6C4-59C0-4039-BE09-926A99BDD5FA}.Debug|Any CPU.Deploy.0 = Debug|iPhoneSimulator
		{D7A7F6C4-59C0-4039-BE09-926A99BDD5FA}.Debug|iPhone.ActiveCfg = Debug|iPhone
		{D7A7F6C4-59C0-4039-BE09-926A99BDD5FA}.Debug|iPhone.Build.0 = Debug|iPhone
		{D7A7F6C4-59C0-4039-BE09-926A99BDD5FA}.Debug|iPhone.Deploy.0 = Debug|iPhone
		{D7A7F6C4-59C0-4039-BE09-926A99BDD5FA}.Debug|iPhoneSimulator.ActiveCfg = Debug|iPhoneSimulator
		{D7A7F6C4-59C0-4039-BE09-926A99BDD5FA}.Debug|iPhoneSimulator.Build.0 = Debug|iPhoneSimulator
		{D7A7F6C4-59C0-4039-BE09-926A99BDD5FA}.Debug|iPhoneSimulator.Deploy.0 = Debug|iPhoneSimulator
		{D7A7F6C4-59C0-4039-BE09-926A99BDD5FA}.Release|Any CPU.ActiveCfg = Release|iPhone
		{D7A7F6C4-59C0-4039-BE09-926A99BDD5FA}.Release|Any CPU.Build.0 = Release|iPhone
		{D7A7F6C4-59C0-4039-BE09-926A99BDD5FA}.Release|Any CPU.Deploy.0 = Release|iPhone
		{D7A7F6C4-59C0-4039-BE09-926A99BDD5FA}.Release|iPhone.ActiveCfg = Release|iPhone
		{D7A7F6C4-59C0-4039-BE09-926A99BDD5FA}.Release|iPhone.Build.0 = Release|iPhone
		{D7A7F6C4-59C0-4039-BE09-926A99BDD5FA}.Release|iPhone.Deploy.0 = Release|iPhone
		{D7A7F6C4-59C0-4039-BE09-926A99BDD5FA}.Release|iPhoneSimulator.ActiveCfg = Release|iPhoneSimulator
		{D7A7F6C4-59C0-4039-BE09-926A99BDD5FA}.Release|iPhoneSimulator.Build.0 = Release|iPhoneSimulator
		{D7A7F6C4-59C0-4039-BE09-926A99BDD5FA}.Release|iPhoneSimulator.Deploy.0 = Release|iPhoneSimulator
		{16A0C329-5E0B-4A88-B62F-B5B9D396B5FA}.Ad-Hoc|Any CPU.ActiveCfg = Debug|Any CPU
		{16A0C329-5E0B-4A88-B62F-B5B9D396B5FA}.Ad-Hoc|Any CPU.Build.0 = Debug|Any CPU
		{16A0C329-5E0B-4A88-B62F-B5B9D396B5FA}.Ad-Hoc|Any CPU.Deploy.0 = Debug|Any CPU
		{16A0C329-5E0B-4A88-B62F-B5B9D396B5FA}.Ad-Hoc|iPhone.ActiveCfg = Debug|Any CPU
		{16A0C329-5E0B-4A88-B62F-B5B9D396B5FA}.Ad-Hoc|iPhone.Build.0 = Debug|Any CPU
		{16A0C329-5E0B-4A88-B62F-B5B9D396B5FA}.Ad-Hoc|iPhone.Deploy.0 = Debug|Any CPU
		{16A0C329-5E0B-4A88-B62F-B5B9D396B5FA}.Ad-Hoc|iPhoneSimulator.ActiveCfg = Debug|Any CPU
		{16A0C329-5E0B-4A88-B62F-B5B9D396B5FA}.Ad-Hoc|iPhoneSimulator.Build.0 = Debug|Any CPU
		{16A0C329-5E0B-4A88-B62F-B5B9D396B5FA}.Ad-Hoc|iPhoneSimulator.Deploy.0 = Debug|Any CPU
		{16A0C329-5E0B-4A88-B62F-B5B9D396B5FA}.AppStore|Any CPU.ActiveCfg = Debug|Any CPU
		{16A0C329-5E0B-4A88-B62F-B5B9D396B5FA}.AppStore|Any CPU.Build.0 = Debug|Any CPU
		{16A0C329-5E0B-4A88-B62F-B5B9D396B5FA}.AppStore|Any CPU.Deploy.0 = Debug|Any CPU
		{16A0C329-5E0B-4A88-B62F-B5B9D396B5FA}.AppStore|iPhone.ActiveCfg = Debug|Any CPU
		{16A0C329-5E0B-4A88-B62F-B5B9D396B5FA}.AppStore|iPhone.Build.0 = Debug|Any CPU
		{16A0C329-5E0B-4A88-B62F-B5B9D396B5FA}.AppStore|iPhone.Deploy.0 = Debug|Any CPU
		{16A0C329-5E0B-4A88-B62F-B5B9D396B5FA}.AppStore|iPhoneSimulator.ActiveCfg = Debug|Any CPU
		{16A0C329-5E0B-4A88-B62F-B5B9D396B5FA}.AppStore|iPhoneSimulator.Build.0 = Debug|Any CPU
		{16A0C329-5E0B-4A88-B62F-B5B9D396B5FA}.AppStore|iPhoneSimulator.Deploy.0 = Debug|Any CPU
		{16A0C329-5E0B-4A88-B62F-B5B9D396B5FA}.Debug|Any CPU.ActiveCfg = Debug|Any CPU
		{16A0C329-5E0B-4A88-B62F-B5B9D396B5FA}.Debug|Any CPU.Build.0 = Debug|Any CPU
		{16A0C329-5E0B-4A88-B62F-B5B9D396B5FA}.Debug|Any CPU.Deploy.0 = Debug|Any CPU
		{16A0C329-5E0B-4A88-B62F-B5B9D396B5FA}.Debug|iPhone.ActiveCfg = Debug|Any CPU
		{16A0C329-5E0B-4A88-B62F-B5B9D396B5FA}.Debug|iPhone.Build.0 = Debug|Any CPU
		{16A0C329-5E0B-4A88-B62F-B5B9D396B5FA}.Debug|iPhone.Deploy.0 = Debug|Any CPU
		{16A0C329-5E0B-4A88-B62F-B5B9D396B5FA}.Debug|iPhoneSimulator.ActiveCfg = Debug|Any CPU
		{16A0C329-5E0B-4A88-B62F-B5B9D396B5FA}.Debug|iPhoneSimulator.Build.0 = Debug|Any CPU
		{16A0C329-5E0B-4A88-B62F-B5B9D396B5FA}.Debug|iPhoneSimulator.Deploy.0 = Debug|Any CPU
		{16A0C329-5E0B-4A88-B62F-B5B9D396B5FA}.Release|Any CPU.ActiveCfg = Release|Any CPU
		{16A0C329-5E0B-4A88-B62F-B5B9D396B5FA}.Release|Any CPU.Build.0 = Release|Any CPU
		{16A0C329-5E0B-4A88-B62F-B5B9D396B5FA}.Release|Any CPU.Deploy.0 = Release|Any CPU
		{16A0C329-5E0B-4A88-B62F-B5B9D396B5FA}.Release|iPhone.ActiveCfg = Release|Any CPU
		{16A0C329-5E0B-4A88-B62F-B5B9D396B5FA}.Release|iPhone.Build.0 = Release|Any CPU
		{16A0C329-5E0B-4A88-B62F-B5B9D396B5FA}.Release|iPhone.Deploy.0 = Release|Any CPU
		{16A0C329-5E0B-4A88-B62F-B5B9D396B5FA}.Release|iPhoneSimulator.ActiveCfg = Release|Any CPU
		{16A0C329-5E0B-4A88-B62F-B5B9D396B5FA}.Release|iPhoneSimulator.Build.0 = Release|Any CPU
		{16A0C329-5E0B-4A88-B62F-B5B9D396B5FA}.Release|iPhoneSimulator.Deploy.0 = Release|Any CPU
	EndGlobalSection
	GlobalSection(SolutionProperties) = preSolution
		HideSolutionNode = FALSE
	EndGlobalSection
	GlobalSection(ExtensibilityGlobals) = postSolution
		SolutionGuid = {8E37BD4E-644E-456B-9C86-08362ADA6980}
	EndGlobalSection
EndGlobal
